// !$*UTF8*$!
{
	archiveVersion = 1;
	classes = {
	};
	objectVersion = 46;
	objects = {

/* Begin PBXBuildFile section */
		4381D59A17C5F33700943DA1 /* AudioUtil.m in Sources */ = {isa = PBXBuildFile; fileRef = 4381D59917C5F33700943DA1 /* AudioUtil.m */; };
		4381D59C17C5F5B900943DA1 /* AVFoundation.framework in Frameworks */ = {isa = PBXBuildFile; fileRef = 4381D59B17C5F5B900943DA1 /* AVFoundation.framework */; };
		43E1A62C17C5CD050043A826 /* UIKit.framework in Frameworks */ = {isa = PBXBuildFile; fileRef = 43E1A62B17C5CD050043A826 /* UIKit.framework */; };
		43E1A62E17C5CD050043A826 /* Foundation.framework in Frameworks */ = {isa = PBXBuildFile; fileRef = 43E1A62D17C5CD050043A826 /* Foundation.framework */; };
		43E1A63017C5CD050043A826 /* CoreGraphics.framework in Frameworks */ = {isa = PBXBuildFile; fileRef = 43E1A62F17C5CD050043A826 /* CoreGraphics.framework */; };
		43E1A63617C5CD050043A826 /* InfoPlist.strings in Resources */ = {isa = PBXBuildFile; fileRef = 43E1A63417C5CD050043A826 /* InfoPlist.strings */; };
		43E1A63817C5CD050043A826 /* main.m in Sources */ = {isa = PBXBuildFile; fileRef = 43E1A63717C5CD050043A826 /* main.m */; };
		43E1A63C17C5CD050043A826 /* TestAppDelegate.m in Sources */ = {isa = PBXBuildFile; fileRef = 43E1A63B17C5CD050043A826 /* TestAppDelegate.m */; };
		43E1A63E17C5CD050043A826 /* Default.png in Resources */ = {isa = PBXBuildFile; fileRef = 43E1A63D17C5CD050043A826 /* Default.png */; };
		43E1A64017C5CD050043A826 /* Default@2x.png in Resources */ = {isa = PBXBuildFile; fileRef = 43E1A63F17C5CD050043A826 /* Default@2x.png */; };
		43E1A64217C5CD050043A826 /* Default-568h@2x.png in Resources */ = {isa = PBXBuildFile; fileRef = 43E1A64117C5CD050043A826 /* Default-568h@2x.png */; };
		43E1A64517C5CD050043A826 /* MainStoryboard.storyboard in Resources */ = {isa = PBXBuildFile; fileRef = 43E1A64317C5CD050043A826 /* MainStoryboard.storyboard */; };
		43E1A64817C5CD050043A826 /* ProfileViewController.m in Sources */ = {isa = PBXBuildFile; fileRef = 43E1A64717C5CD050043A826 /* ProfileViewController.m */; };
		43E1A65017C5CD050043A826 /* SenTestingKit.framework in Frameworks */ = {isa = PBXBuildFile; fileRef = 43E1A64F17C5CD050043A826 /* SenTestingKit.framework */; };
		43E1A65117C5CD050043A826 /* UIKit.framework in Frameworks */ = {isa = PBXBuildFile; fileRef = 43E1A62B17C5CD050043A826 /* UIKit.framework */; };
		43E1A65217C5CD050043A826 /* Foundation.framework in Frameworks */ = {isa = PBXBuildFile; fileRef = 43E1A62D17C5CD050043A826 /* Foundation.framework */; };
		43E1A65A17C5CD050043A826 /* InfoPlist.strings in Resources */ = {isa = PBXBuildFile; fileRef = 43E1A65817C5CD050043A826 /* InfoPlist.strings */; };
		43E1A65D17C5CD050043A826 /* ViewTestTests.m in Sources */ = {isa = PBXBuildFile; fileRef = 43E1A65C17C5CD050043A826 /* ViewTestTests.m */; };
		43E1A66D17C5CE8E0043A826 /* MakeVirusViewController.m in Sources */ = {isa = PBXBuildFile; fileRef = 43E1A66717C5CE8E0043A826 /* MakeVirusViewController.m */; };
		43E1A66E17C5CE8E0043A826 /* ProfileViewControllerFactory.m in Sources */ = {isa = PBXBuildFile; fileRef = 43E1A66917C5CE8E0043A826 /* ProfileViewControllerFactory.m */; };
		43E1A66F17C5CE8E0043A826 /* SpreadViewController.m in Sources */ = {isa = PBXBuildFile; fileRef = 43E1A66B17C5CE8E0043A826 /* SpreadViewController.m */; };
/* End PBXBuildFile section */

/* Begin PBXContainerItemProxy section */
		43E1A65317C5CD050043A826 /* PBXContainerItemProxy */ = {
			isa = PBXContainerItemProxy;
			containerPortal = 43E1A62017C5CD050043A826 /* Project object */;
			proxyType = 1;
			remoteGlobalIDString = 43E1A62717C5CD050043A826;
			remoteInfo = ViewTest;
		};
/* End PBXContainerItemProxy section */

/* Begin PBXFileReference section */
		4381D59817C5F33700943DA1 /* AudioUtil.h */ = {isa = PBXFileReference; fileEncoding = 4; lastKnownFileType = sourcecode.c.h; path = AudioUtil.h; sourceTree = "<group>"; };
		4381D59917C5F33700943DA1 /* AudioUtil.m */ = {isa = PBXFileReference; fileEncoding = 4; lastKnownFileType = sourcecode.c.objc; path = AudioUtil.m; sourceTree = "<group>"; };
		4381D59B17C5F5B900943DA1 /* AVFoundation.framework */ = {isa = PBXFileReference; lastKnownFileType = wrapper.framework; name = AVFoundation.framework; path = System/Library/Frameworks/AVFoundation.framework; sourceTree = SDKROOT; };
		43E1A62817C5CD050043A826 /* Infection.app */ = {isa = PBXFileReference; explicitFileType = wrapper.application; includeInIndex = 0; path = Infection.app; sourceTree = BUILT_PRODUCTS_DIR; };
		43E1A62B17C5CD050043A826 /* UIKit.framework */ = {isa = PBXFileReference; lastKnownFileType = wrapper.framework; name = UIKit.framework; path = System/Library/Frameworks/UIKit.framework; sourceTree = SDKROOT; };
		43E1A62D17C5CD050043A826 /* Foundation.framework */ = {isa = PBXFileReference; lastKnownFileType = wrapper.framework; name = Foundation.framework; path = System/Library/Frameworks/Foundation.framework; sourceTree = SDKROOT; };
		43E1A62F17C5CD050043A826 /* CoreGraphics.framework */ = {isa = PBXFileReference; lastKnownFileType = wrapper.framework; name = CoreGraphics.framework; path = System/Library/Frameworks/CoreGraphics.framework; sourceTree = SDKROOT; };
		43E1A63317C5CD050043A826 /* Infection-Info.plist */ = {isa = PBXFileReference; lastKnownFileType = text.plist.xml; path = "Infection-Info.plist"; sourceTree = "<group>"; };
		43E1A63517C5CD050043A826 /* en */ = {isa = PBXFileReference; lastKnownFileType = text.plist.strings; name = en; path = en.lproj/InfoPlist.strings; sourceTree = "<group>"; };
		43E1A63717C5CD050043A826 /* main.m */ = {isa = PBXFileReference; lastKnownFileType = sourcecode.c.objc; path = main.m; sourceTree = "<group>"; };
		43E1A63917C5CD050043A826 /* Infection-Prefix.pch */ = {isa = PBXFileReference; lastKnownFileType = sourcecode.c.h; path = "Infection-Prefix.pch"; sourceTree = "<group>"; };
		43E1A63A17C5CD050043A826 /* TestAppDelegate.h */ = {isa = PBXFileReference; lastKnownFileType = sourcecode.c.h; path = TestAppDelegate.h; sourceTree = "<group>"; };
		43E1A63B17C5CD050043A826 /* TestAppDelegate.m */ = {isa = PBXFileReference; lastKnownFileType = sourcecode.c.objc; path = TestAppDelegate.m; sourceTree = "<group>"; };
		43E1A63D17C5CD050043A826 /* Default.png */ = {isa = PBXFileReference; lastKnownFileType = image.png; path = Default.png; sourceTree = "<group>"; };
		43E1A63F17C5CD050043A826 /* Default@2x.png */ = {isa = PBXFileReference; lastKnownFileType = image.png; path = "Default@2x.png"; sourceTree = "<group>"; };
		43E1A64117C5CD050043A826 /* Default-568h@2x.png */ = {isa = PBXFileReference; lastKnownFileType = image.png; path = "Default-568h@2x.png"; sourceTree = "<group>"; };
		43E1A64417C5CD050043A826 /* en */ = {isa = PBXFileReference; lastKnownFileType = file.storyboard; name = en; path = en.lproj/MainStoryboard.storyboard; sourceTree = "<group>"; };
		43E1A64617C5CD050043A826 /* ProfileViewController.h */ = {isa = PBXFileReference; lastKnownFileType = sourcecode.c.h; path = ProfileViewController.h; sourceTree = "<group>"; };
		43E1A64717C5CD050043A826 /* ProfileViewController.m */ = {isa = PBXFileReference; lastKnownFileType = sourcecode.c.objc; path = ProfileViewController.m; sourceTree = "<group>"; };
		43E1A64E17C5CD050043A826 /* InfectionTests.octest */ = {isa = PBXFileReference; explicitFileType = wrapper.cfbundle; includeInIndex = 0; path = InfectionTests.octest; sourceTree = BUILT_PRODUCTS_DIR; };
		43E1A64F17C5CD050043A826 /* SenTestingKit.framework */ = {isa = PBXFileReference; lastKnownFileType = wrapper.framework; name = SenTestingKit.framework; path = Library/Frameworks/SenTestingKit.framework; sourceTree = DEVELOPER_DIR; };
		43E1A65717C5CD050043A826 /* InfectionTests-Info.plist */ = {isa = PBXFileReference; lastKnownFileType = text.plist.xml; path = "InfectionTests-Info.plist"; sourceTree = "<group>"; };
		43E1A65917C5CD050043A826 /* en */ = {isa = PBXFileReference; lastKnownFileType = text.plist.strings; name = en; path = en.lproj/InfoPlist.strings; sourceTree = "<group>"; };
		43E1A65B17C5CD050043A826 /* ViewTestTests.h */ = {isa = PBXFileReference; lastKnownFileType = sourcecode.c.h; path = ViewTestTests.h; sourceTree = "<group>"; };
		43E1A65C17C5CD050043A826 /* ViewTestTests.m */ = {isa = PBXFileReference; lastKnownFileType = sourcecode.c.objc; path = ViewTestTests.m; sourceTree = "<group>"; };
		43E1A66617C5CE8E0043A826 /* MakeVirusViewController.h */ = {isa = PBXFileReference; fileEncoding = 4; lastKnownFileType = sourcecode.c.h; path = MakeVirusViewController.h; sourceTree = "<group>"; };
		43E1A66717C5CE8E0043A826 /* MakeVirusViewController.m */ = {isa = PBXFileReference; fileEncoding = 4; lastKnownFileType = sourcecode.c.objc; path = MakeVirusViewController.m; sourceTree = "<group>"; };
		43E1A66817C5CE8E0043A826 /* ProfileViewControllerFactory.h */ = {isa = PBXFileReference; fileEncoding = 4; lastKnownFileType = sourcecode.c.h; path = ProfileViewControllerFactory.h; sourceTree = "<group>"; };
		43E1A66917C5CE8E0043A826 /* ProfileViewControllerFactory.m */ = {isa = PBXFileReference; fileEncoding = 4; lastKnownFileType = sourcecode.c.objc; path = ProfileViewControllerFactory.m; sourceTree = "<group>"; };
		43E1A66A17C5CE8E0043A826 /* SpreadViewController.h */ = {isa = PBXFileReference; fileEncoding = 4; lastKnownFileType = sourcecode.c.h; path = SpreadViewController.h; sourceTree = "<group>"; };
		43E1A66B17C5CE8E0043A826 /* SpreadViewController.m */ = {isa = PBXFileReference; fileEncoding = 4; lastKnownFileType = sourcecode.c.objc; path = SpreadViewController.m; sourceTree = "<group>"; };
		43E1A66C17C5CE8E0043A826 /* ViewControllers.h */ = {isa = PBXFileReference; fileEncoding = 4; lastKnownFileType = sourcecode.c.h; path = ViewControllers.h; sourceTree = "<group>"; };
/* End PBXFileReference section */

/* Begin PBXFrameworksBuildPhase section */
		43E1A62517C5CD050043A826 /* Frameworks */ = {
			isa = PBXFrameworksBuildPhase;
			buildActionMask = 2147483647;
			files = (
				4381D59C17C5F5B900943DA1 /* AVFoundation.framework in Frameworks */,
				43E1A62C17C5CD050043A826 /* UIKit.framework in Frameworks */,
				43E1A62E17C5CD050043A826 /* Foundation.framework in Frameworks */,
				43E1A63017C5CD050043A826 /* CoreGraphics.framework in Frameworks */,
			);
			runOnlyForDeploymentPostprocessing = 0;
		};
		43E1A64A17C5CD050043A826 /* Frameworks */ = {
			isa = PBXFrameworksBuildPhase;
			buildActionMask = 2147483647;
			files = (
				43E1A65017C5CD050043A826 /* SenTestingKit.framework in Frameworks */,
				43E1A65117C5CD050043A826 /* UIKit.framework in Frameworks */,
				43E1A65217C5CD050043A826 /* Foundation.framework in Frameworks */,
			);
			runOnlyForDeploymentPostprocessing = 0;
		};
/* End PBXFrameworksBuildPhase section */

/* Begin PBXGroup section */
		43E1A61F17C5CD050043A826 = {
			isa = PBXGroup;
			children = (
				43E1A63117C5CD050043A826 /* ViewTest */,
				43E1A65517C5CD050043A826 /* ViewTestTests */,
				43E1A62A17C5CD050043A826 /* Frameworks */,
				43E1A62917C5CD050043A826 /* Products */,
			);
			sourceTree = "<group>";
		};
		43E1A62917C5CD050043A826 /* Products */ = {
			isa = PBXGroup;
			children = (
				43E1A62817C5CD050043A826 /* Infection.app */,
				43E1A64E17C5CD050043A826 /* InfectionTests.octest */,
			);
			name = Products;
			sourceTree = "<group>";
		};
		43E1A62A17C5CD050043A826 /* Frameworks */ = {
			isa = PBXGroup;
			children = (
				4381D59B17C5F5B900943DA1 /* AVFoundation.framework */,
				43E1A62B17C5CD050043A826 /* UIKit.framework */,
				43E1A62D17C5CD050043A826 /* Foundation.framework */,
				43E1A62F17C5CD050043A826 /* CoreGraphics.framework */,
				43E1A64F17C5CD050043A826 /* SenTestingKit.framework */,
			);
			name = Frameworks;
			sourceTree = "<group>";
		};
		43E1A63117C5CD050043A826 /* ViewTest */ = {
			isa = PBXGroup;
			children = (
				43E1A63A17C5CD050043A826 /* TestAppDelegate.h */,
				4381D59817C5F33700943DA1 /* AudioUtil.h */,
				4381D59917C5F33700943DA1 /* AudioUtil.m */,
				43E1A63B17C5CD050043A826 /* TestAppDelegate.m */,
				43E1A64317C5CD050043A826 /* MainStoryboard.storyboard */,
				43E1A64617C5CD050043A826 /* ProfileViewController.h */,
				43E1A64717C5CD050043A826 /* ProfileViewController.m */,
				43E1A66617C5CE8E0043A826 /* MakeVirusViewController.h */,
				43E1A66717C5CE8E0043A826 /* MakeVirusViewController.m */,
				43E1A66817C5CE8E0043A826 /* ProfileViewControllerFactory.h */,
				43E1A66917C5CE8E0043A826 /* ProfileViewControllerFactory.m */,
				43E1A66A17C5CE8E0043A826 /* SpreadViewController.h */,
				43E1A66B17C5CE8E0043A826 /* SpreadViewController.m */,
				43E1A66C17C5CE8E0043A826 /* ViewControllers.h */,
				43E1A63217C5CD050043A826 /* Supporting Files */,
			);
			path = ViewTest;
			sourceTree = "<group>";
		};
		43E1A63217C5CD050043A826 /* Supporting Files */ = {
			isa = PBXGroup;
			children = (
				43E1A63317C5CD050043A826 /* Infection-Info.plist */,
				43E1A63417C5CD050043A826 /* InfoPlist.strings */,
				43E1A63717C5CD050043A826 /* main.m */,
				43E1A63917C5CD050043A826 /* Infection-Prefix.pch */,
				43E1A63D17C5CD050043A826 /* Default.png */,
				43E1A63F17C5CD050043A826 /* Default@2x.png */,
				43E1A64117C5CD050043A826 /* Default-568h@2x.png */,
			);
			name = "Supporting Files";
			sourceTree = "<group>";
		};
		43E1A65517C5CD050043A826 /* ViewTestTests */ = {
			isa = PBXGroup;
			children = (
				43E1A65B17C5CD050043A826 /* ViewTestTests.h */,
				43E1A65C17C5CD050043A826 /* ViewTestTests.m */,
				43E1A65617C5CD050043A826 /* Supporting Files */,
			);
			path = ViewTestTests;
			sourceTree = "<group>";
		};
		43E1A65617C5CD050043A826 /* Supporting Files */ = {
			isa = PBXGroup;
			children = (
				43E1A65717C5CD050043A826 /* InfectionTests-Info.plist */,
				43E1A65817C5CD050043A826 /* InfoPlist.strings */,
			);
			name = "Supporting Files";
			sourceTree = "<group>";
		};
/* End PBXGroup section */

/* Begin PBXNativeTarget section */
		43E1A62717C5CD050043A826 /* Infection */ = {
			isa = PBXNativeTarget;
			buildConfigurationList = 43E1A66017C5CD050043A826 /* Build configuration list for PBXNativeTarget "Infection" */;
			buildPhases = (
				43E1A62417C5CD050043A826 /* Sources */,
				43E1A62517C5CD050043A826 /* Frameworks */,
				43E1A62617C5CD050043A826 /* Resources */,
			);
			buildRules = (
			);
			dependencies = (
			);
			name = Infection;
			productName = ViewTest;
			productReference = 43E1A62817C5CD050043A826 /* Infection.app */;
			productType = "com.apple.product-type.application";
		};
		43E1A64D17C5CD050043A826 /* InfectionTests */ = {
			isa = PBXNativeTarget;
			buildConfigurationList = 43E1A66317C5CD050043A826 /* Build configuration list for PBXNativeTarget "InfectionTests" */;
			buildPhases = (
				43E1A64917C5CD050043A826 /* Sources */,
				43E1A64A17C5CD050043A826 /* Frameworks */,
				43E1A64B17C5CD050043A826 /* Resources */,
				43E1A64C17C5CD050043A826 /* ShellScript */,
			);
			buildRules = (
			);
			dependencies = (
				43E1A65417C5CD050043A826 /* PBXTargetDependency */,
			);
			name = InfectionTests;
			productName = ViewTestTests;
			productReference = 43E1A64E17C5CD050043A826 /* InfectionTests.octest */;
			productType = "com.apple.product-type.bundle";
		};
/* End PBXNativeTarget section */

/* Begin PBXProject section */
		43E1A62017C5CD050043A826 /* Project object */ = {
			isa = PBXProject;
			attributes = {
				CLASSPREFIX = Test;
				LastUpgradeCheck = 0460;
				ORGANIZATIONNAME = technologycamp;
			};
			buildConfigurationList = 43E1A62317C5CD050043A826 /* Build configuration list for PBXProject "Infection" */;
			compatibilityVersion = "Xcode 3.2";
			developmentRegion = English;
			hasScannedForEncodings = 0;
			knownRegions = (
				en,
			);
			mainGroup = 43E1A61F17C5CD050043A826;
			productRefGroup = 43E1A62917C5CD050043A826 /* Products */;
			projectDirPath = "";
			projectRoot = "";
			targets = (
				43E1A62717C5CD050043A826 /* Infection */,
				43E1A64D17C5CD050043A826 /* InfectionTests */,
			);
		};
/* End PBXProject section */

/* Begin PBXResourcesBuildPhase section */
		43E1A62617C5CD050043A826 /* Resources */ = {
			isa = PBXResourcesBuildPhase;
			buildActionMask = 2147483647;
			files = (
				43E1A63617C5CD050043A826 /* InfoPlist.strings in Resources */,
				43E1A63E17C5CD050043A826 /* Default.png in Resources */,
				43E1A64017C5CD050043A826 /* Default@2x.png in Resources */,
				43E1A64217C5CD050043A826 /* Default-568h@2x.png in Resources */,
				43E1A64517C5CD050043A826 /* MainStoryboard.storyboard in Resources */,
			);
			runOnlyForDeploymentPostprocessing = 0;
		};
		43E1A64B17C5CD050043A826 /* Resources */ = {
			isa = PBXResourcesBuildPhase;
			buildActionMask = 2147483647;
			files = (
				43E1A65A17C5CD050043A826 /* InfoPlist.strings in Resources */,
			);
			runOnlyForDeploymentPostprocessing = 0;
		};
/* End PBXResourcesBuildPhase section */

/* Begin PBXShellScriptBuildPhase section */
		43E1A64C17C5CD050043A826 /* ShellScript */ = {
			isa = PBXShellScriptBuildPhase;
			buildActionMask = 2147483647;
			files = (
			);
			inputPaths = (
			);
			outputPaths = (
			);
			runOnlyForDeploymentPostprocessing = 0;
			shellPath = /bin/sh;
			shellScript = "# Run the unit tests in this test bundle.\n\"${SYSTEM_DEVELOPER_DIR}/Tools/RunUnitTests\"\n";
		};
/* End PBXShellScriptBuildPhase section */

/* Begin PBXSourcesBuildPhase section */
		43E1A62417C5CD050043A826 /* Sources */ = {
			isa = PBXSourcesBuildPhase;
			buildActionMask = 2147483647;
			files = (
				43E1A63817C5CD050043A826 /* main.m in Sources */,
				43E1A63C17C5CD050043A826 /* TestAppDelegate.m in Sources */,
				43E1A64817C5CD050043A826 /* ProfileViewController.m in Sources */,
				43E1A66D17C5CE8E0043A826 /* MakeVirusViewController.m in Sources */,
				43E1A66E17C5CE8E0043A826 /* ProfileViewControllerFactory.m in Sources */,
				43E1A66F17C5CE8E0043A826 /* SpreadViewController.m in Sources */,
				4381D59A17C5F33700943DA1 /* AudioUtil.m in Sources */,
			);
			runOnlyForDeploymentPostprocessing = 0;
		};
		43E1A64917C5CD050043A826 /* Sources */ = {
			isa = PBXSourcesBuildPhase;
			buildActionMask = 2147483647;
			files = (
				43E1A65D17C5CD050043A826 /* ViewTestTests.m in Sources */,
			);
			runOnlyForDeploymentPostprocessing = 0;
		};
/* End PBXSourcesBuildPhase section */

/* Begin PBXTargetDependency section */
		43E1A65417C5CD050043A826 /* PBXTargetDependency */ = {
			isa = PBXTargetDependency;
			target = 43E1A62717C5CD050043A826 /* Infection */;
			targetProxy = 43E1A65317C5CD050043A826 /* PBXContainerItemProxy */;
		};
/* End PBXTargetDependency section */

/* Begin PBXVariantGroup section */
		43E1A63417C5CD050043A826 /* InfoPlist.strings */ = {
			isa = PBXVariantGroup;
			children = (
				43E1A63517C5CD050043A826 /* en */,
			);
			name = InfoPlist.strings;
			sourceTree = "<group>";
		};
		43E1A64317C5CD050043A826 /* MainStoryboard.storyboard */ = {
			isa = PBXVariantGroup;
			children = (
				43E1A64417C5CD050043A826 /* en */,
			);
			name = MainStoryboard.storyboard;
			sourceTree = "<group>";
		};
		43E1A65817C5CD050043A826 /* InfoPlist.strings */ = {
			isa = PBXVariantGroup;
			children = (
				43E1A65917C5CD050043A826 /* en */,
			);
			name = InfoPlist.strings;
			sourceTree = "<group>";
		};
/* End PBXVariantGroup section */

/* Begin XCBuildConfiguration section */
		43E1A65E17C5CD050043A826 /* Debug */ = {
			isa = XCBuildConfiguration;
			buildSettings = {
				ALWAYS_SEARCH_USER_PATHS = NO;
				CLANG_CXX_LANGUAGE_STANDARD = "gnu++0x";
				CLANG_CXX_LIBRARY = "libc++";
				CLANG_WARN_CONSTANT_CONVERSION = YES;
				CLANG_WARN_EMPTY_BODY = YES;
				CLANG_WARN_ENUM_CONVERSION = YES;
				CLANG_WARN_INT_CONVERSION = YES;
				CLANG_WARN__DUPLICATE_METHOD_MATCH = YES;
				"CODE_SIGN_IDENTITY[sdk=iphoneos*]" = "iPhone Developer";
				COPY_PHASE_STRIP = NO;
				GCC_C_LANGUAGE_STANDARD = gnu99;
				GCC_DYNAMIC_NO_PIC = NO;
				GCC_OPTIMIZATION_LEVEL = 0;
				GCC_PREPROCESSOR_DEFINITIONS = (
					"DEBUG=1",
					"$(inherited)",
				);
				GCC_SYMBOLS_PRIVATE_EXTERN = NO;
				GCC_WARN_ABOUT_RETURN_TYPE = YES;
				GCC_WARN_UNINITIALIZED_AUTOS = YES;
				GCC_WARN_UNUSED_VARIABLE = YES;
				IPHONEOS_DEPLOYMENT_TARGET = 6.1;
				ONLY_ACTIVE_ARCH = YES;
				SDKROOT = iphoneos;
			};
			name = Debug;
		};
		43E1A65F17C5CD050043A826 /* Release */ = {
			isa = XCBuildConfiguration;
			buildSettings = {
				ALWAYS_SEARCH_USER_PATHS = NO;
				CLANG_CXX_LANGUAGE_STANDARD = "gnu++0x";
				CLANG_CXX_LIBRARY = "libc++";
				CLANG_WARN_CONSTANT_CONVERSION = YES;
				CLANG_WARN_EMPTY_BODY = YES;
				CLANG_WARN_ENUM_CONVERSION = YES;
				CLANG_WARN_INT_CONVERSION = YES;
				CLANG_WARN__DUPLICATE_METHOD_MATCH = YES;
				"CODE_SIGN_IDENTITY[sdk=iphoneos*]" = "iPhone Developer";
				COPY_PHASE_STRIP = YES;
				GCC_C_LANGUAGE_STANDARD = gnu99;
				GCC_WARN_ABOUT_RETURN_TYPE = YES;
				GCC_WARN_UNINITIALIZED_AUTOS = YES;
				GCC_WARN_UNUSED_VARIABLE = YES;
				IPHONEOS_DEPLOYMENT_TARGET = 6.1;
				OTHER_CFLAGS = "-DNS_BLOCK_ASSERTIONS=1";
				SDKROOT = iphoneos;
				VALIDATE_PRODUCT = YES;
			};
			name = Release;
		};
		43E1A66117C5CD050043A826 /* Debug */ = {
			isa = XCBuildConfiguration;
			buildSettings = {
				GCC_PRECOMPILE_PREFIX_HEADER = YES;
				GCC_PREFIX_HEADER = "ViewTest/Infection-Prefix.pch";
				INFOPLIST_FILE = "ViewTest/Infection-Info.plist";
				PRODUCT_NAME = Infection;
				WRAPPER_EXTENSION = app;
			};
			name = Debug;
		};
		43E1A66217C5CD050043A826 /* Release */ = {
			isa = XCBuildConfiguration;
			buildSettings = {
				GCC_PRECOMPILE_PREFIX_HEADER = YES;
				GCC_PREFIX_HEADER = "ViewTest/Infection-Prefix.pch";
				INFOPLIST_FILE = "ViewTest/Infection-Info.plist";
				PRODUCT_NAME = Infection;
				WRAPPER_EXTENSION = app;
			};
			name = Release;
		};
		43E1A66417C5CD050043A826 /* Debug */ = {
			isa = XCBuildConfiguration;
			buildSettings = {
				BUNDLE_LOADER = "$(BUILT_PRODUCTS_DIR)/ViewTest.app/ViewTest";
				FRAMEWORK_SEARCH_PATHS = (
					"\"$(SDKROOT)/Developer/Library/Frameworks\"",
					"\"$(DEVELOPER_LIBRARY_DIR)/Frameworks\"",
				);
				GCC_PRECOMPILE_PREFIX_HEADER = YES;
				GCC_PREFIX_HEADER = "ViewTest/ViewTest-Prefix.pch";
				INFOPLIST_FILE = "ViewTestTests/InfectionTests-Info.plist";
				PRODUCT_NAME = InfectionTests;
				TEST_HOST = "$(BUNDLE_LOADER)";
				WRAPPER_EXTENSION = octest;
			};
			name = Debug;
		};
		43E1A66517C5CD050043A826 /* Release */ = {
			isa = XCBuildConfiguration;
			buildSettings = {
				BUNDLE_LOADER = "$(BUILT_PRODUCTS_DIR)/ViewTest.app/ViewTest";
				FRAMEWORK_SEARCH_PATHS = (
					"\"$(SDKROOT)/Developer/Library/Frameworks\"",
					"\"$(DEVELOPER_LIBRARY_DIR)/Frameworks\"",
				);
				GCC_PRECOMPILE_PREFIX_HEADER = YES;
				GCC_PREFIX_HEADER = "ViewTest/ViewTest-Prefix.pch";
				INFOPLIST_FILE = "ViewTestTests/InfectionTests-Info.plist";
				PRODUCT_NAME = InfectionTests;
				TEST_HOST = "$(BUNDLE_LOADER)";
				WRAPPER_EXTENSION = octest;
			};
			name = Release;
		};
/* End XCBuildConfiguration section */

/* Begin XCConfigurationList section */
		43E1A62317C5CD050043A826 /* Build configuration list for PBXProject "Infection" */ = {
			isa = XCConfigurationList;
			buildConfigurations = (
				43E1A65E17C5CD050043A826 /* Debug */,
				43E1A65F17C5CD050043A826 /* Release */,
			);
			defaultConfigurationIsVisible = 0;
			defaultConfigurationName = Release;
		};
		43E1A66017C5CD050043A826 /* Build configuration list for PBXNativeTarget "Infection" */ = {
			isa = XCConfigurationList;
			buildConfigurations = (
				43E1A66117C5CD050043A826 /* Debug */,
				43E1A66217C5CD050043A826 /* Release */,
			);
			defaultConfigurationIsVisible = 0;
			defaultConfigurationName = Release;
		};
		43E1A66317C5CD050043A826 /* Build configuration list for PBXNativeTarget "InfectionTests" */ = {
			isa = XCConfigurationList;
			buildConfigurations = (
				43E1A66417C5CD050043A826 /* Debug */,
				43E1A66517C5CD050043A826 /* Release */,
			);
			defaultConfigurationIsVisible = 0;
			defaultConfigurationName = Release;
		};
/* End XCConfigurationList section */
	};
	rootObject = 43E1A62017C5CD050043A826 /* Project object */;
}
